// !$*UTF8*$!
{
	archiveVersion = 1;
	classes = {
	};
	objectVersion = 48;
	objects = {

/* Begin PBXBuildFile section */
		E20EDB1C20FDD66400AA234A /* Application.cpp in Sources */ = {isa = PBXBuildFile; fileRef = E20EDB1120FDD66400AA234A /* Application.cpp */; };
		E20EDB1D20FDD66400AA234A /* InputHandlers.cpp in Sources */ = {isa = PBXBuildFile; fileRef = E20EDB1520FDD66400AA234A /* InputHandlers.cpp */; };
		E20EDB1F20FDD66400AA234A /* Math.cpp in Sources */ = {isa = PBXBuildFile; fileRef = E20EDB1720FDD66400AA234A /* Math.cpp */; };
		E20EDB2020FDD66400AA234A /* Utils.cpp in Sources */ = {isa = PBXBuildFile; fileRef = E20EDB1820FDD66400AA234A /* Utils.cpp */; };
		E20EDB2120FDD66400AA234A /* main.cpp in Sources */ = {isa = PBXBuildFile; fileRef = E20EDB1B20FDD66400AA234A /* main.cpp */; };
		E20EDB3020FDD69800AA234A /* GameTexture.cpp in Sources */ = {isa = PBXBuildFile; fileRef = E20EDB2620FDD69800AA234A /* GameTexture.cpp */; };
		E20EDB3120FDD69800AA234A /* Camera.cpp in Sources */ = {isa = PBXBuildFile; fileRef = E20EDB2720FDD69800AA234A /* Camera.cpp */; };
		E20EDB3220FDD69800AA234A /* CameraDirector.cpp in Sources */ = {isa = PBXBuildFile; fileRef = E20EDB2920FDD69800AA234A /* CameraDirector.cpp */; };
		E20EDB3320FDD69800AA234A /* RenderContext.cpp in Sources */ = {isa = PBXBuildFile; fileRef = E20EDB2B20FDD69800AA234A /* RenderContext.cpp */; };
		E20EDB3420FDD69800AA234A /* Font.cpp in Sources */ = {isa = PBXBuildFile; fileRef = E20EDB2D20FDD69800AA234A /* Font.cpp */; };
		E20EDB3520FDD69800AA234A /* TextureManager.cpp in Sources */ = {isa = PBXBuildFile; fileRef = E20EDB2E20FDD69800AA234A /* TextureManager.cpp */; };
		E20EDB4720FDD6AB00AA234A /* Validation.cpp in Sources */ = {isa = PBXBuildFile; fileRef = E20EDB3720FDD6AA00AA234A /* Validation.cpp */; };
		E20EDB4820FDD6AB00AA234A /* Device.cpp in Sources */ = {isa = PBXBuildFile; fileRef = E20EDB3920FDD6AA00AA234A /* Device.cpp */; };
		E20EDB4920FDD6AB00AA234A /* CmdBuffer.cpp in Sources */ = {isa = PBXBuildFile; fileRef = E20EDB3B20FDD6AA00AA234A /* CmdBuffer.cpp */; };
		E20EDB4A20FDD6AB00AA234A /* Pipeline.cpp in Sources */ = {isa = PBXBuildFile; fileRef = E20EDB3C20FDD6AA00AA234A /* Pipeline.cpp */; };
		E20EDB4B20FDD6AB00AA234A /* VkMemAlloc.cpp in Sources */ = {isa = PBXBuildFile; fileRef = E20EDB3D20FDD6AA00AA234A /* VkMemAlloc.cpp */; };
		E20EDB4C20FDD6AB00AA234A /* Base.cpp in Sources */ = {isa = PBXBuildFile; fileRef = E20EDB3E20FDD6AB00AA234A /* Base.cpp */; };
		E20EDB4D20FDD6AB00AA234A /* Buffers.cpp in Sources */ = {isa = PBXBuildFile; fileRef = E20EDB3F20FDD6AB00AA234A /* Buffers.cpp */; };
		E20EDB4E20FDD6AB00AA234A /* Image.cpp in Sources */ = {isa = PBXBuildFile; fileRef = E20EDB4320FDD6AB00AA234A /* Image.cpp */; };
		E20EDB5320FDD6D500AA234A /* stb_image.c in Sources */ = {isa = PBXBuildFile; fileRef = E20EDB5120FDD6D500AA234A /* stb_image.c */; };
		E20EDB7320FE35DF00AA234A /* Q3BspLoader.cpp in Sources */ = {isa = PBXBuildFile; fileRef = E20EDB6920FE35DF00AA234A /* Q3BspLoader.cpp */; };
		E20EDB7420FE35DF00AA234A /* Q3BspMap.cpp in Sources */ = {isa = PBXBuildFile; fileRef = E20EDB6A20FE35DF00AA234A /* Q3BspMap.cpp */; };
		E20EDB7520FE35DF00AA234A /* Q3BspStatsUI.cpp in Sources */ = {isa = PBXBuildFile; fileRef = E20EDB6E20FE35DF00AA234A /* Q3BspStatsUI.cpp */; };
		E20EDB7620FE35DF00AA234A /* Q3BspPatch.cpp in Sources */ = {isa = PBXBuildFile; fileRef = E20EDB6F20FE35DF00AA234A /* Q3BspPatch.cpp */; };
		E20EDB7B20FE362200AA234A /* Frustum.cpp in Sources */ = {isa = PBXBuildFile; fileRef = E20EDB7920FE362200AA234A /* Frustum.cpp */; };
		E20EDB7C20FE362200AA234A /* StringHelpers.cpp in Sources */ = {isa = PBXBuildFile; fileRef = E20EDB7A20FE362200AA234A /* StringHelpers.cpp */; };
		E25C358F213EC6BD0021EEAC /* libSDL2.a in Frameworks */ = {isa = PBXBuildFile; fileRef = E25C3586213EC3370021EEAC /* libSDL2.a */; };
		E25C3597213EC74A0021EEAC /* UIKit.framework in Frameworks */ = {isa = PBXBuildFile; fileRef = E25C3596213EC74A0021EEAC /* UIKit.framework */; };
		E25C359B213EC7DB0021EEAC /* QuartzCore.framework in Frameworks */ = {isa = PBXBuildFile; fileRef = E25C359A213EC7DB0021EEAC /* QuartzCore.framework */; };
		E25C359D213EC8190021EEAC /* OpenGLES.framework in Frameworks */ = {isa = PBXBuildFile; fileRef = E25C359C213EC8190021EEAC /* OpenGLES.framework */; };
		E25C359F213EC8360021EEAC /* Foundation.framework in Frameworks */ = {isa = PBXBuildFile; fileRef = E25C359E213EC8360021EEAC /* Foundation.framework */; };
		E25C35A1213EC84C0021EEAC /* CoreMotion.framework in Frameworks */ = {isa = PBXBuildFile; fileRef = E25C35A0213EC84C0021EEAC /* CoreMotion.framework */; };
		E25C35A3213EC8600021EEAC /* GameController.framework in Frameworks */ = {isa = PBXBuildFile; fileRef = E25C35A2213EC8600021EEAC /* GameController.framework */; };
		E25C35A4213EC8970021EEAC /* AVFoundation.framework in Frameworks */ = {isa = PBXBuildFile; fileRef = E25C3590213EC6E00021EEAC /* AVFoundation.framework */; };
		E25C35A6213EC8AB0021EEAC /* AudioToolbox.framework in Frameworks */ = {isa = PBXBuildFile; fileRef = E25C35A5213EC8AB0021EEAC /* AudioToolbox.framework */; };
		E25C35A7213EC8BE0021EEAC /* CoreGraphics.framework in Frameworks */ = {isa = PBXBuildFile; fileRef = E25C3598213EC7A20021EEAC /* CoreGraphics.framework */; };
		E2A5790B213EE4230071A6FF /* MoltenVK.framework in Frameworks */ = {isa = PBXBuildFile; fileRef = E2A5790A213EE4230071A6FF /* MoltenVK.framework */; };
		E2A57913213EE46B0071A6FF /* libc++.tbd in Frameworks */ = {isa = PBXBuildFile; fileRef = E2A5790D213EE46B0071A6FF /* libc++.tbd */; };
		E2A57915213EEA5D0071A6FF /* Metal.framework in Frameworks */ = {isa = PBXBuildFile; fileRef = E2A57914213EEA5D0071A6FF /* Metal.framework */; };
		E2A57923213FBD030071A6FF /* AppleUtils.mm in Sources */ = {isa = PBXBuildFile; fileRef = E2A57921213FBD030071A6FF /* AppleUtils.mm */; };
		E2A57933213FC42D0071A6FF /* maps in CopyFiles */ = {isa = PBXBuildFile; fileRef = E2A5792C213FC1A80071A6FF /* maps */; };
		E2A57934213FC42D0071A6FF /* res in CopyFiles */ = {isa = PBXBuildFile; fileRef = E2A5792B213FC1520071A6FF /* res */; };
		E2A57943213FC7880071A6FF /* models in CopyFiles */ = {isa = PBXBuildFile; fileRef = E2A57942213FC77C0071A6FF /* models */; };
		E2A57944213FC7880071A6FF /* textures in CopyFiles */ = {isa = PBXBuildFile; fileRef = E2A5793C213FC7760071A6FF /* textures */; };
		E2FCFA2E2127086D00D84A34 /* ThreadProcessor.cpp in Sources */ = {isa = PBXBuildFile; fileRef = E2FCFA2C2127086D00D84A34 /* ThreadProcessor.cpp */; };
/* End PBXBuildFile section */

/* Begin PBXContainerItemProxy section */
		E25C3585213EC3370021EEAC /* PBXContainerItemProxy */ = {
			isa = PBXContainerItemProxy;
			containerPortal = E25C357D213EC3370021EEAC /* SDL.xcodeproj */;
			proxyType = 2;
			remoteGlobalIDString = FD6526630DE8FCCB002AD96B;
			remoteInfo = "libSDL-iOS";
		};
		E25C3587213EC3370021EEAC /* PBXContainerItemProxy */ = {
			isa = PBXContainerItemProxy;
			containerPortal = E25C357D213EC3370021EEAC /* SDL.xcodeproj */;
			proxyType = 2;
			remoteGlobalIDString = FAB598141BB5C1B100BE72C5;
			remoteInfo = "libSDL-tvOS";
		};
/* End PBXContainerItemProxy section */

/* Begin PBXCopyFilesBuildPhase section */
		E289307220FDCB6600074D1A /* CopyFiles */ = {
			isa = PBXCopyFilesBuildPhase;
			buildActionMask = 12;
			dstPath = "";
			dstSubfolderSpec = 7;
			files = (
				E2A57943213FC7880071A6FF /* models in CopyFiles */,
				E2A57944213FC7880071A6FF /* textures in CopyFiles */,
				E2A57933213FC42D0071A6FF /* maps in CopyFiles */,
				E2A57934213FC42D0071A6FF /* res in CopyFiles */,
			);
			runOnlyForDeploymentPostprocessing = 0;
		};
/* End PBXCopyFilesBuildPhase section */

/* Begin PBXFileReference section */
		E20EDB1120FDD66400AA234A /* Application.cpp */ = {isa = PBXFileReference; fileEncoding = 4; lastKnownFileType = sourcecode.cpp.cpp; name = Application.cpp; path = ../src/Application.cpp; sourceTree = "<group>"; };
		E20EDB1320FDD66400AA234A /* InputHandlers.hpp */ = {isa = PBXFileReference; fileEncoding = 4; lastKnownFileType = sourcecode.cpp.h; name = InputHandlers.hpp; path = ../src/InputHandlers.hpp; sourceTree = "<group>"; };
		E20EDB1420FDD66400AA234A /* Math.hpp */ = {isa = PBXFileReference; fileEncoding = 4; lastKnownFileType = sourcecode.cpp.h; name = Math.hpp; path = ../src/Math.hpp; sourceTree = "<group>"; };
		E20EDB1520FDD66400AA234A /* InputHandlers.cpp */ = {isa = PBXFileReference; fileEncoding = 4; lastKnownFileType = sourcecode.cpp.cpp; name = InputHandlers.cpp; path = ../src/InputHandlers.cpp; sourceTree = "<group>"; };
		E20EDB1720FDD66400AA234A /* Math.cpp */ = {isa = PBXFileReference; fileEncoding = 4; lastKnownFileType = sourcecode.cpp.cpp; name = Math.cpp; path = ../src/Math.cpp; sourceTree = "<group>"; };
		E20EDB1820FDD66400AA234A /* Utils.cpp */ = {isa = PBXFileReference; fileEncoding = 4; lastKnownFileType = sourcecode.cpp.cpp; name = Utils.cpp; path = ../src/Utils.cpp; sourceTree = "<group>"; };
		E20EDB1920FDD66400AA234A /* Application.hpp */ = {isa = PBXFileReference; fileEncoding = 4; lastKnownFileType = sourcecode.cpp.h; name = Application.hpp; path = ../src/Application.hpp; sourceTree = "<group>"; };
		E20EDB1A20FDD66400AA234A /* Utils.hpp */ = {isa = PBXFileReference; fileEncoding = 4; lastKnownFileType = sourcecode.cpp.h; name = Utils.hpp; path = ../src/Utils.hpp; sourceTree = "<group>"; };
		E20EDB1B20FDD66400AA234A /* main.cpp */ = {isa = PBXFileReference; fileEncoding = 4; lastKnownFileType = sourcecode.cpp.cpp; name = main.cpp; path = ../src/main.cpp; sourceTree = "<group>"; };
		E20EDB2420FDD69800AA234A /* TextureManager.hpp */ = {isa = PBXFileReference; fileEncoding = 4; lastKnownFileType = sourcecode.cpp.h; name = TextureManager.hpp; path = ../src/renderer/TextureManager.hpp; sourceTree = "<group>"; };
		E20EDB2520FDD69800AA234A /* Font.hpp */ = {isa = PBXFileReference; fileEncoding = 4; lastKnownFileType = sourcecode.cpp.h; name = Font.hpp; path = ../src/renderer/Font.hpp; sourceTree = "<group>"; };
		E20EDB2620FDD69800AA234A /* GameTexture.cpp */ = {isa = PBXFileReference; fileEncoding = 4; lastKnownFileType = sourcecode.cpp.cpp; name = GameTexture.cpp; path = ../src/renderer/GameTexture.cpp; sourceTree = "<group>"; };
		E20EDB2720FDD69800AA234A /* Camera.cpp */ = {isa = PBXFileReference; fileEncoding = 4; lastKnownFileType = sourcecode.cpp.cpp; name = Camera.cpp; path = ../src/renderer/Camera.cpp; sourceTree = "<group>"; };
		E20EDB2820FDD69800AA234A /* RenderContext.hpp */ = {isa = PBXFileReference; fileEncoding = 4; lastKnownFileType = sourcecode.cpp.h; name = RenderContext.hpp; path = ../src/renderer/RenderContext.hpp; sourceTree = "<group>"; };
		E20EDB2920FDD69800AA234A /* CameraDirector.cpp */ = {isa = PBXFileReference; fileEncoding = 4; lastKnownFileType = sourcecode.cpp.cpp; name = CameraDirector.cpp; path = ../src/renderer/CameraDirector.cpp; sourceTree = "<group>"; };
		E20EDB2A20FDD69800AA234A /* Camera.hpp */ = {isa = PBXFileReference; fileEncoding = 4; lastKnownFileType = sourcecode.cpp.h; name = Camera.hpp; path = ../src/renderer/Camera.hpp; sourceTree = "<group>"; };
		E20EDB2B20FDD69800AA234A /* RenderContext.cpp */ = {isa = PBXFileReference; fileEncoding = 4; lastKnownFileType = sourcecode.cpp.cpp; name = RenderContext.cpp; path = ../src/renderer/RenderContext.cpp; sourceTree = "<group>"; };
		E20EDB2C20FDD69800AA234A /* CameraDirector.hpp */ = {isa = PBXFileReference; fileEncoding = 4; lastKnownFileType = sourcecode.cpp.h; name = CameraDirector.hpp; path = ../src/renderer/CameraDirector.hpp; sourceTree = "<group>"; };
		E20EDB2D20FDD69800AA234A /* Font.cpp */ = {isa = PBXFileReference; fileEncoding = 4; lastKnownFileType = sourcecode.cpp.cpp; name = Font.cpp; path = ../src/renderer/Font.cpp; sourceTree = "<group>"; };
		E20EDB2E20FDD69800AA234A /* TextureManager.cpp */ = {isa = PBXFileReference; fileEncoding = 4; lastKnownFileType = sourcecode.cpp.cpp; name = TextureManager.cpp; path = ../src/renderer/TextureManager.cpp; sourceTree = "<group>"; };
		E20EDB2F20FDD69800AA234A /* GameTexture.hpp */ = {isa = PBXFileReference; fileEncoding = 4; lastKnownFileType = sourcecode.cpp.h; name = GameTexture.hpp; path = ../src/renderer/GameTexture.hpp; sourceTree = "<group>"; };
		E20EDB3720FDD6AA00AA234A /* Validation.cpp */ = {isa = PBXFileReference; fileEncoding = 4; lastKnownFileType = sourcecode.cpp.cpp; name = Validation.cpp; path = ../src/renderer/vulkan/Validation.cpp; sourceTree = "<group>"; };
		E20EDB3820FDD6AA00AA234A /* Image.hpp */ = {isa = PBXFileReference; fileEncoding = 4; lastKnownFileType = sourcecode.cpp.h; name = Image.hpp; path = ../src/renderer/vulkan/Image.hpp; sourceTree = "<group>"; };
		E20EDB3920FDD6AA00AA234A /* Device.cpp */ = {isa = PBXFileReference; fileEncoding = 4; lastKnownFileType = sourcecode.cpp.cpp; name = Device.cpp; path = ../src/renderer/vulkan/Device.cpp; sourceTree = "<group>"; };
		E20EDB3A20FDD6AA00AA234A /* CmdBuffer.hpp */ = {isa = PBXFileReference; fileEncoding = 4; lastKnownFileType = sourcecode.cpp.h; name = CmdBuffer.hpp; path = ../src/renderer/vulkan/CmdBuffer.hpp; sourceTree = "<group>"; };
		E20EDB3B20FDD6AA00AA234A /* CmdBuffer.cpp */ = {isa = PBXFileReference; fileEncoding = 4; lastKnownFileType = sourcecode.cpp.cpp; name = CmdBuffer.cpp; path = ../src/renderer/vulkan/CmdBuffer.cpp; sourceTree = "<group>"; };
		E20EDB3C20FDD6AA00AA234A /* Pipeline.cpp */ = {isa = PBXFileReference; fileEncoding = 4; lastKnownFileType = sourcecode.cpp.cpp; name = Pipeline.cpp; path = ../src/renderer/vulkan/Pipeline.cpp; sourceTree = "<group>"; };
		E20EDB3D20FDD6AA00AA234A /* VkMemAlloc.cpp */ = {isa = PBXFileReference; fileEncoding = 4; lastKnownFileType = sourcecode.cpp.cpp; name = VkMemAlloc.cpp; path = ../src/renderer/vulkan/VkMemAlloc.cpp; sourceTree = "<group>"; };
		E20EDB3E20FDD6AB00AA234A /* Base.cpp */ = {isa = PBXFileReference; fileEncoding = 4; lastKnownFileType = sourcecode.cpp.cpp; name = Base.cpp; path = ../src/renderer/vulkan/Base.cpp; sourceTree = "<group>"; };
		E20EDB3F20FDD6AB00AA234A /* Buffers.cpp */ = {isa = PBXFileReference; fileEncoding = 4; lastKnownFileType = sourcecode.cpp.cpp; name = Buffers.cpp; path = ../src/renderer/vulkan/Buffers.cpp; sourceTree = "<group>"; };
		E20EDB4020FDD6AB00AA234A /* Buffers.hpp */ = {isa = PBXFileReference; fileEncoding = 4; lastKnownFileType = sourcecode.cpp.h; name = Buffers.hpp; path = ../src/renderer/vulkan/Buffers.hpp; sourceTree = "<group>"; };
		E20EDB4120FDD6AB00AA234A /* Device.hpp */ = {isa = PBXFileReference; fileEncoding = 4; lastKnownFileType = sourcecode.cpp.h; name = Device.hpp; path = ../src/renderer/vulkan/Device.hpp; sourceTree = "<group>"; };
		E20EDB4220FDD6AB00AA234A /* Pipeline.hpp */ = {isa = PBXFileReference; fileEncoding = 4; lastKnownFileType = sourcecode.cpp.h; name = Pipeline.hpp; path = ../src/renderer/vulkan/Pipeline.hpp; sourceTree = "<group>"; };
		E20EDB4320FDD6AB00AA234A /* Image.cpp */ = {isa = PBXFileReference; fileEncoding = 4; lastKnownFileType = sourcecode.cpp.cpp; name = Image.cpp; path = ../src/renderer/vulkan/Image.cpp; sourceTree = "<group>"; };
		E20EDB4420FDD6AB00AA234A /* vk_mem_alloc.h */ = {isa = PBXFileReference; fileEncoding = 4; lastKnownFileType = sourcecode.c.h; name = vk_mem_alloc.h; path = ../src/renderer/vulkan/vk_mem_alloc.h; sourceTree = "<group>"; };
		E20EDB4520FDD6AB00AA234A /* Base.hpp */ = {isa = PBXFileReference; fileEncoding = 4; lastKnownFileType = sourcecode.cpp.h; name = Base.hpp; path = ../src/renderer/vulkan/Base.hpp; sourceTree = "<group>"; };
		E20EDB4620FDD6AB00AA234A /* Validation.hpp */ = {isa = PBXFileReference; fileEncoding = 4; lastKnownFileType = sourcecode.cpp.h; name = Validation.hpp; path = ../src/renderer/vulkan/Validation.hpp; sourceTree = "<group>"; };
		E20EDB5120FDD6D500AA234A /* stb_image.c */ = {isa = PBXFileReference; fileEncoding = 4; lastKnownFileType = sourcecode.c.c; name = stb_image.c; path = ../contrib/stb_image/stb_image.c; sourceTree = "<group>"; };
		E20EDB5220FDD6D500AA234A /* stb_image.h */ = {isa = PBXFileReference; fileEncoding = 4; lastKnownFileType = sourcecode.c.h; name = stb_image.h; path = ../contrib/stb_image/stb_image.h; sourceTree = "<group>"; };
		E20EDB6620FE35B600AA234A /* StatsUI.hpp */ = {isa = PBXFileReference; fileEncoding = 4; lastKnownFileType = sourcecode.cpp.h; name = StatsUI.hpp; path = ../src/common/StatsUI.hpp; sourceTree = "<group>"; };
		E20EDB6720FE35B600AA234A /* BspMap.hpp */ = {isa = PBXFileReference; fileEncoding = 4; lastKnownFileType = sourcecode.cpp.h; name = BspMap.hpp; path = ../src/common/BspMap.hpp; sourceTree = "<group>"; };
		E20EDB6920FE35DF00AA234A /* Q3BspLoader.cpp */ = {isa = PBXFileReference; fileEncoding = 4; lastKnownFileType = sourcecode.cpp.cpp; name = Q3BspLoader.cpp; path = ../src/q3bsp/Q3BspLoader.cpp; sourceTree = "<group>"; };
		E20EDB6A20FE35DF00AA234A /* Q3BspMap.cpp */ = {isa = PBXFileReference; fileEncoding = 4; lastKnownFileType = sourcecode.cpp.cpp; name = Q3BspMap.cpp; path = ../src/q3bsp/Q3BspMap.cpp; sourceTree = "<group>"; };
		E20EDB6B20FE35DF00AA234A /* Q3BspMap.hpp */ = {isa = PBXFileReference; fileEncoding = 4; lastKnownFileType = sourcecode.cpp.h; name = Q3BspMap.hpp; path = ../src/q3bsp/Q3BspMap.hpp; sourceTree = "<group>"; };
		E20EDB6C20FE35DF00AA234A /* Q3BspRenderHelpers.hpp */ = {isa = PBXFileReference; fileEncoding = 4; lastKnownFileType = sourcecode.cpp.h; name = Q3BspRenderHelpers.hpp; path = ../src/q3bsp/Q3BspRenderHelpers.hpp; sourceTree = "<group>"; };
		E20EDB6D20FE35DF00AA234A /* Q3BspStatsUI.hpp */ = {isa = PBXFileReference; fileEncoding = 4; lastKnownFileType = sourcecode.cpp.h; name = Q3BspStatsUI.hpp; path = ../src/q3bsp/Q3BspStatsUI.hpp; sourceTree = "<group>"; };
		E20EDB6E20FE35DF00AA234A /* Q3BspStatsUI.cpp */ = {isa = PBXFileReference; fileEncoding = 4; lastKnownFileType = sourcecode.cpp.cpp; name = Q3BspStatsUI.cpp; path = ../src/q3bsp/Q3BspStatsUI.cpp; sourceTree = "<group>"; };
		E20EDB6F20FE35DF00AA234A /* Q3BspPatch.cpp */ = {isa = PBXFileReference; fileEncoding = 4; lastKnownFileType = sourcecode.cpp.cpp; name = Q3BspPatch.cpp; path = ../src/q3bsp/Q3BspPatch.cpp; sourceTree = "<group>"; };
		E20EDB7020FE35DF00AA234A /* Q3Bsp.hpp */ = {isa = PBXFileReference; fileEncoding = 4; lastKnownFileType = sourcecode.cpp.h; name = Q3Bsp.hpp; path = ../src/q3bsp/Q3Bsp.hpp; sourceTree = "<group>"; };
		E20EDB7120FE35DF00AA234A /* Q3BspPatch.hpp */ = {isa = PBXFileReference; fileEncoding = 4; lastKnownFileType = sourcecode.cpp.h; name = Q3BspPatch.hpp; path = ../src/q3bsp/Q3BspPatch.hpp; sourceTree = "<group>"; };
		E20EDB7220FE35DF00AA234A /* Q3BspLoader.hpp */ = {isa = PBXFileReference; fileEncoding = 4; lastKnownFileType = sourcecode.cpp.h; name = Q3BspLoader.hpp; path = ../src/q3bsp/Q3BspLoader.hpp; sourceTree = "<group>"; };
		E20EDB7720FE362200AA234A /* StringHelpers.hpp */ = {isa = PBXFileReference; fileEncoding = 4; lastKnownFileType = sourcecode.cpp.h; name = StringHelpers.hpp; path = ../src/StringHelpers.hpp; sourceTree = "<group>"; };
		E20EDB7820FE362200AA234A /* Frustum.hpp */ = {isa = PBXFileReference; fileEncoding = 4; lastKnownFileType = sourcecode.cpp.h; name = Frustum.hpp; path = ../src/Frustum.hpp; sourceTree = "<group>"; };
		E20EDB7920FE362200AA234A /* Frustum.cpp */ = {isa = PBXFileReference; fileEncoding = 4; lastKnownFileType = sourcecode.cpp.cpp; name = Frustum.cpp; path = ../src/Frustum.cpp; sourceTree = "<group>"; };
		E20EDB7A20FE362200AA234A /* StringHelpers.cpp */ = {isa = PBXFileReference; fileEncoding = 4; lastKnownFileType = sourcecode.cpp.cpp; name = StringHelpers.cpp; path = ../src/StringHelpers.cpp; sourceTree = "<group>"; };
		E25C357D213EC3370021EEAC /* SDL.xcodeproj */ = {isa = PBXFileReference; lastKnownFileType = "wrapper.pb-project"; name = SDL.xcodeproj; path = "../contrib/SDL2-2.0.8/Xcode-iOS/SDL/SDL.xcodeproj"; sourceTree = "<group>"; };
		E25C3590213EC6E00021EEAC /* AVFoundation.framework */ = {isa = PBXFileReference; lastKnownFileType = wrapper.framework; name = AVFoundation.framework; path = Platforms/iPhoneOS.platform/Developer/SDKs/iPhoneOS11.0.sdk/System/Library/Frameworks/AVFoundation.framework; sourceTree = DEVELOPER_DIR; };
		E25C3592213EC6F70021EEAC /* AVKit.framework */ = {isa = PBXFileReference; lastKnownFileType = wrapper.framework; name = AVKit.framework; path = Platforms/iPhoneOS.platform/Developer/SDKs/iPhoneOS11.0.sdk/System/Library/Frameworks/AVKit.framework; sourceTree = DEVELOPER_DIR; };
		E25C3594213EC7070021EEAC /* JavaScriptCore.framework */ = {isa = PBXFileReference; lastKnownFileType = wrapper.framework; name = JavaScriptCore.framework; path = Platforms/iPhoneOS.platform/Developer/SDKs/iPhoneOS11.0.sdk/System/Library/Frameworks/JavaScriptCore.framework; sourceTree = DEVELOPER_DIR; };
		E25C3596213EC74A0021EEAC /* UIKit.framework */ = {isa = PBXFileReference; lastKnownFileType = wrapper.framework; name = UIKit.framework; path = Platforms/iPhoneOS.platform/Developer/SDKs/iPhoneOS11.0.sdk/System/Library/Frameworks/UIKit.framework; sourceTree = DEVELOPER_DIR; };
		E25C3598213EC7A20021EEAC /* CoreGraphics.framework */ = {isa = PBXFileReference; lastKnownFileType = wrapper.framework; name = CoreGraphics.framework; path = Platforms/iPhoneOS.platform/Developer/SDKs/iPhoneOS11.0.sdk/System/Library/Frameworks/CoreGraphics.framework; sourceTree = DEVELOPER_DIR; };
		E25C359A213EC7DB0021EEAC /* QuartzCore.framework */ = {isa = PBXFileReference; lastKnownFileType = wrapper.framework; name = QuartzCore.framework; path = Platforms/iPhoneOS.platform/Developer/SDKs/iPhoneOS11.0.sdk/System/Library/Frameworks/QuartzCore.framework; sourceTree = DEVELOPER_DIR; };
		E25C359C213EC8190021EEAC /* OpenGLES.framework */ = {isa = PBXFileReference; lastKnownFileType = wrapper.framework; name = OpenGLES.framework; path = Platforms/iPhoneOS.platform/Developer/SDKs/iPhoneOS11.0.sdk/System/Library/Frameworks/OpenGLES.framework; sourceTree = DEVELOPER_DIR; };
		E25C359E213EC8360021EEAC /* Foundation.framework */ = {isa = PBXFileReference; lastKnownFileType = wrapper.framework; name = Foundation.framework; path = Platforms/iPhoneOS.platform/Developer/SDKs/iPhoneOS11.0.sdk/System/Library/Frameworks/Foundation.framework; sourceTree = DEVELOPER_DIR; };
		E25C35A0213EC84C0021EEAC /* CoreMotion.framework */ = {isa = PBXFileReference; lastKnownFileType = wrapper.framework; name = CoreMotion.framework; path = Platforms/iPhoneOS.platform/Developer/SDKs/iPhoneOS11.0.sdk/System/Library/Frameworks/CoreMotion.framework; sourceTree = DEVELOPER_DIR; };
		E25C35A2213EC8600021EEAC /* GameController.framework */ = {isa = PBXFileReference; lastKnownFileType = wrapper.framework; name = GameController.framework; path = Platforms/iPhoneOS.platform/Developer/SDKs/iPhoneOS11.0.sdk/System/Library/Frameworks/GameController.framework; sourceTree = DEVELOPER_DIR; };
		E25C35A5213EC8AB0021EEAC /* AudioToolbox.framework */ = {isa = PBXFileReference; lastKnownFileType = wrapper.framework; name = AudioToolbox.framework; path = Platforms/iPhoneOS.platform/Developer/SDKs/iPhoneOS11.0.sdk/System/Library/Frameworks/AudioToolbox.framework; sourceTree = DEVELOPER_DIR; };
		E289307420FDCB6600074D1A /* QuakeBspViewer.app */ = {isa = PBXFileReference; explicitFileType = wrapper.application; includeInIndex = 0; path = QuakeBspViewer.app; sourceTree = BUILT_PRODUCTS_DIR; };
		E2A578F3213ED2200071A6FF /* Info.plist */ = {isa = PBXFileReference; fileEncoding = 4; lastKnownFileType = text.plist.xml; path = Info.plist; sourceTree = SOURCE_ROOT; };
		E2A5790A213EE4230071A6FF /* MoltenVK.framework */ = {isa = PBXFileReference; lastKnownFileType = wrapper.framework; name = MoltenVK.framework; path = ../../VulkanSDK/1.1.82.0/MoltenVK/iOS/MoltenVK.framework; sourceTree = "<group>"; };
		E2A5790D213EE46B0071A6FF /* libc++.tbd */ = {isa = PBXFileReference; lastKnownFileType = "sourcecode.text-based-dylib-definition"; name = "libc++.tbd"; path = "Platforms/iPhoneOS.platform/Developer/SDKs/iPhoneOS11.0.sdk/usr/lib/libc++.tbd"; sourceTree = DEVELOPER_DIR; };
		E2A57914213EEA5D0071A6FF /* Metal.framework */ = {isa = PBXFileReference; lastKnownFileType = wrapper.framework; name = Metal.framework; path = Platforms/iPhoneOS.platform/Developer/SDKs/iPhoneOS11.0.sdk/System/Library/Frameworks/Metal.framework; sourceTree = DEVELOPER_DIR; };
		E2A57921213FBD030071A6FF /* AppleUtils.mm */ = {isa = PBXFileReference; fileEncoding = 4; lastKnownFileType = sourcecode.cpp.objcpp; name = AppleUtils.mm; path = ../src/apple/AppleUtils.mm; sourceTree = "<group>"; };
		E2A57922213FBD030071A6FF /* AppleUtils.hpp */ = {isa = PBXFileReference; fileEncoding = 4; lastKnownFileType = sourcecode.cpp.h; name = AppleUtils.hpp; path = ../src/apple/AppleUtils.hpp; sourceTree = "<group>"; };
		E2A5792B213FC1520071A6FF /* res */ = {isa = PBXFileReference; lastKnownFileType = folder; name = res; path = ../res; sourceTree = "<group>"; };
		E2A5792C213FC1A80071A6FF /* maps */ = {isa = PBXFileReference; lastKnownFileType = folder; name = maps; path = ../maps; sourceTree = "<group>"; };
		E2A5793C213FC7760071A6FF /* textures */ = {isa = PBXFileReference; lastKnownFileType = folder; name = textures; path = ../textures; sourceTree = "<group>"; };
		E2A57942213FC77C0071A6FF /* models */ = {isa = PBXFileReference; lastKnownFileType = folder; name = models; path = ../models; sourceTree = "<group>"; };
		E2B71EA021086C520008A53B /* Ubo.hpp */ = {isa = PBXFileReference; fileEncoding = 4; lastKnownFileType = sourcecode.cpp.h; name = Ubo.hpp; path = ../src/renderer/Ubo.hpp; sourceTree = "<group>"; };
		E2FCFA2C2127086D00D84A34 /* ThreadProcessor.cpp */ = {isa = PBXFileReference; fileEncoding = 4; lastKnownFileType = sourcecode.cpp.cpp; name = ThreadProcessor.cpp; path = ../src/ThreadProcessor.cpp; sourceTree = "<group>"; };
		E2FCFA2D2127086D00D84A34 /* ThreadProcessor.hpp */ = {isa = PBXFileReference; fileEncoding = 4; lastKnownFileType = sourcecode.cpp.h; name = ThreadProcessor.hpp; path = ../src/ThreadProcessor.hpp; sourceTree = "<group>"; };
/* End PBXFileReference section */

/* Begin PBXFrameworksBuildPhase section */
		E289307120FDCB6600074D1A /* Frameworks */ = {
			isa = PBXFrameworksBuildPhase;
			buildActionMask = 2147483647;
			files = (
				E2A57915213EEA5D0071A6FF /* Metal.framework in Frameworks */,
				E2A5790B213EE4230071A6FF /* MoltenVK.framework in Frameworks */,
				E25C35A7213EC8BE0021EEAC /* CoreGraphics.framework in Frameworks */,
				E25C35A6213EC8AB0021EEAC /* AudioToolbox.framework in Frameworks */,
				E25C35A4213EC8970021EEAC /* AVFoundation.framework in Frameworks */,
				E25C35A3213EC8600021EEAC /* GameController.framework in Frameworks */,
				E25C35A1213EC84C0021EEAC /* CoreMotion.framework in Frameworks */,
				E25C359F213EC8360021EEAC /* Foundation.framework in Frameworks */,
				E25C359D213EC8190021EEAC /* OpenGLES.framework in Frameworks */,
				E25C359B213EC7DB0021EEAC /* QuartzCore.framework in Frameworks */,
				E25C3597213EC74A0021EEAC /* UIKit.framework in Frameworks */,
				E2A57913213EE46B0071A6FF /* libc++.tbd in Frameworks */,
				E25C358F213EC6BD0021EEAC /* libSDL2.a in Frameworks */,
			);
			runOnlyForDeploymentPostprocessing = 0;
		};
/* End PBXFrameworksBuildPhase section */

/* Begin PBXGroup section */
		E20EDB1020FDD64700AA234A /* src */ = {
			isa = PBXGroup;
			children = (
				E2A5791B213FBCEB0071A6FF /* apple */,
				E20EDB6520FE359D00AA234A /* common */,
				E20EDB6820FE35CB00AA234A /* q3bsp */,
				E20EDB2320FDD68100AA234A /* renderer */,
				E20EDB1120FDD66400AA234A /* Application.cpp */,
				E20EDB1920FDD66400AA234A /* Application.hpp */,
				E20EDB7920FE362200AA234A /* Frustum.cpp */,
				E20EDB7820FE362200AA234A /* Frustum.hpp */,
				E20EDB1520FDD66400AA234A /* InputHandlers.cpp */,
				E20EDB1320FDD66400AA234A /* InputHandlers.hpp */,
				E20EDB1B20FDD66400AA234A /* main.cpp */,
				E20EDB1720FDD66400AA234A /* Math.cpp */,
				E20EDB1420FDD66400AA234A /* Math.hpp */,
				E20EDB7A20FE362200AA234A /* StringHelpers.cpp */,
				E20EDB7720FE362200AA234A /* StringHelpers.hpp */,
				E2FCFA2C2127086D00D84A34 /* ThreadProcessor.cpp */,
				E2FCFA2D2127086D00D84A34 /* ThreadProcessor.hpp */,
				E20EDB1820FDD66400AA234A /* Utils.cpp */,
				E20EDB1A20FDD66400AA234A /* Utils.hpp */,
			);
			name = src;
			sourceTree = "<group>";
		};
		E20EDB2320FDD68100AA234A /* renderer */ = {
			isa = PBXGroup;
			children = (
				E20EDB3620FDD69D00AA234A /* vulkan */,
				E20EDB2720FDD69800AA234A /* Camera.cpp */,
				E20EDB2A20FDD69800AA234A /* Camera.hpp */,
				E20EDB2920FDD69800AA234A /* CameraDirector.cpp */,
				E20EDB2C20FDD69800AA234A /* CameraDirector.hpp */,
				E20EDB2D20FDD69800AA234A /* Font.cpp */,
				E20EDB2520FDD69800AA234A /* Font.hpp */,
				E20EDB2620FDD69800AA234A /* GameTexture.cpp */,
				E20EDB2F20FDD69800AA234A /* GameTexture.hpp */,
				E20EDB2B20FDD69800AA234A /* RenderContext.cpp */,
				E20EDB2820FDD69800AA234A /* RenderContext.hpp */,
				E20EDB2E20FDD69800AA234A /* TextureManager.cpp */,
				E20EDB2420FDD69800AA234A /* TextureManager.hpp */,
				E2B71EA021086C520008A53B /* Ubo.hpp */,
			);
			name = renderer;
			sourceTree = "<group>";
		};
		E20EDB3620FDD69D00AA234A /* vulkan */ = {
			isa = PBXGroup;
			children = (
				E20EDB3E20FDD6AB00AA234A /* Base.cpp */,
				E20EDB4520FDD6AB00AA234A /* Base.hpp */,
				E20EDB3F20FDD6AB00AA234A /* Buffers.cpp */,
				E20EDB4020FDD6AB00AA234A /* Buffers.hpp */,
				E20EDB3B20FDD6AA00AA234A /* CmdBuffer.cpp */,
				E20EDB3A20FDD6AA00AA234A /* CmdBuffer.hpp */,
				E20EDB3920FDD6AA00AA234A /* Device.cpp */,
				E20EDB4120FDD6AB00AA234A /* Device.hpp */,
				E20EDB4320FDD6AB00AA234A /* Image.cpp */,
				E20EDB3820FDD6AA00AA234A /* Image.hpp */,
				E20EDB3C20FDD6AA00AA234A /* Pipeline.cpp */,
				E20EDB4220FDD6AB00AA234A /* Pipeline.hpp */,
				E20EDB3720FDD6AA00AA234A /* Validation.cpp */,
				E20EDB4620FDD6AB00AA234A /* Validation.hpp */,
				E20EDB4420FDD6AB00AA234A /* vk_mem_alloc.h */,
				E20EDB3D20FDD6AA00AA234A /* VkMemAlloc.cpp */,
			);
			name = vulkan;
			sourceTree = "<group>";
		};
		E20EDB4F20FDD6B100AA234A /* contrib */ = {
			isa = PBXGroup;
			children = (
				E25C357D213EC3370021EEAC /* SDL.xcodeproj */,
				E20EDB5020FDD6C700AA234A /* stb_image */,
			);
			name = contrib;
			sourceTree = "<group>";
		};
		E20EDB5020FDD6C700AA234A /* stb_image */ = {
			isa = PBXGroup;
			children = (
				E20EDB5120FDD6D500AA234A /* stb_image.c */,
				E20EDB5220FDD6D500AA234A /* stb_image.h */,
			);
			name = stb_image;
			sourceTree = "<group>";
		};
		E20EDB6520FE359D00AA234A /* common */ = {
			isa = PBXGroup;
			children = (
				E20EDB6720FE35B600AA234A /* BspMap.hpp */,
				E20EDB6620FE35B600AA234A /* StatsUI.hpp */,
			);
			name = common;
			sourceTree = "<group>";
		};
		E20EDB6820FE35CB00AA234A /* q3bsp */ = {
			isa = PBXGroup;
			children = (
				E20EDB7020FE35DF00AA234A /* Q3Bsp.hpp */,
				E20EDB6920FE35DF00AA234A /* Q3BspLoader.cpp */,
				E20EDB7220FE35DF00AA234A /* Q3BspLoader.hpp */,
				E20EDB6A20FE35DF00AA234A /* Q3BspMap.cpp */,
				E20EDB6B20FE35DF00AA234A /* Q3BspMap.hpp */,
				E20EDB6F20FE35DF00AA234A /* Q3BspPatch.cpp */,
				E20EDB7120FE35DF00AA234A /* Q3BspPatch.hpp */,
				E20EDB6C20FE35DF00AA234A /* Q3BspRenderHelpers.hpp */,
				E20EDB6E20FE35DF00AA234A /* Q3BspStatsUI.cpp */,
				E20EDB6D20FE35DF00AA234A /* Q3BspStatsUI.hpp */,
			);
			name = q3bsp;
			sourceTree = "<group>";
		};
		E25C357E213EC3370021EEAC /* Products */ = {
			isa = PBXGroup;
			children = (
				E25C3586213EC3370021EEAC /* libSDL2.a */,
				E25C3588213EC3370021EEAC /* libSDL2.a */,
			);
			name = Products;
			sourceTree = "<group>";
		};
		E289306B20FDCB6600074D1A = {
			isa = PBXGroup;
			children = (
				E20EDB4F20FDD6B100AA234A /* contrib */,
				E20EDB1020FDD64700AA234A /* src */,
				E289307520FDCB6600074D1A /* Products */,
				E2A578ED213ED1FB0071A6FF /* Resources */,
				E289307E20FDD10200074D1A /* Frameworks */,
			);
			sourceTree = "<group>";
		};
		E289307520FDCB6600074D1A /* Products */ = {
			isa = PBXGroup;
			children = (
				E289307420FDCB6600074D1A /* QuakeBspViewer.app */,
			);
			name = Products;
			sourceTree = "<group>";
		};
		E289307E20FDD10200074D1A /* Frameworks */ = {
			isa = PBXGroup;
			children = (
				E2A5790D213EE46B0071A6FF /* libc++.tbd */,
				E2A57914213EEA5D0071A6FF /* Metal.framework */,
				E2A5790A213EE4230071A6FF /* MoltenVK.framework */,
				E25C35A5213EC8AB0021EEAC /* AudioToolbox.framework */,
				E25C35A2213EC8600021EEAC /* GameController.framework */,
				E25C35A0213EC84C0021EEAC /* CoreMotion.framework */,
				E25C359E213EC8360021EEAC /* Foundation.framework */,
				E25C359C213EC8190021EEAC /* OpenGLES.framework */,
				E25C359A213EC7DB0021EEAC /* QuartzCore.framework */,
				E25C3598213EC7A20021EEAC /* CoreGraphics.framework */,
				E25C3596213EC74A0021EEAC /* UIKit.framework */,
				E25C3594213EC7070021EEAC /* JavaScriptCore.framework */,
				E25C3592213EC6F70021EEAC /* AVKit.framework */,
				E25C3590213EC6E00021EEAC /* AVFoundation.framework */,
			);
			name = Frameworks;
			sourceTree = "<group>";
		};
		E2A578ED213ED1FB0071A6FF /* Resources */ = {
			isa = PBXGroup;
			children = (
				E2A57942213FC77C0071A6FF /* models */,
				E2A5793C213FC7760071A6FF /* textures */,
				E2A5792C213FC1A80071A6FF /* maps */,
				E2A5792B213FC1520071A6FF /* res */,
				E2A578F3213ED2200071A6FF /* Info.plist */,
			);
			name = Resources;
			sourceTree = "<group>";
		};
		E2A5791B213FBCEB0071A6FF /* apple */ = {
			isa = PBXGroup;
			children = (
				E2A57922213FBD030071A6FF /* AppleUtils.hpp */,
				E2A57921213FBD030071A6FF /* AppleUtils.mm */,
			);
			name = apple;
			sourceTree = "<group>";
		};
/* End PBXGroup section */

/* Begin PBXNativeTarget section */
		E289307320FDCB6600074D1A /* QuakeBspViewer */ = {
			isa = PBXNativeTarget;
			buildConfigurationList = E289307B20FDCB6600074D1A /* Build configuration list for PBXNativeTarget "QuakeBspViewer" */;
			buildPhases = (
				E289307020FDCB6600074D1A /* Sources */,
				E289307120FDCB6600074D1A /* Frameworks */,
				E289307220FDCB6600074D1A /* CopyFiles */,
			);
			buildRules = (
			);
			dependencies = (
			);
			name = QuakeBspViewer;
			productName = QuakeBspViewer;
			productReference = E289307420FDCB6600074D1A /* QuakeBspViewer.app */;
			productType = "com.apple.product-type.application";
		};
/* End PBXNativeTarget section */

/* Begin PBXProject section */
		E289306C20FDCB6600074D1A /* Project object */ = {
			isa = PBXProject;
			attributes = {
				LastUpgradeCheck = 0900;
				ORGANIZATIONNAME = Krzysztof;
				TargetAttributes = {
					E289307320FDCB6600074D1A = {
						CreatedOnToolsVersion = 9.0;
						ProvisioningStyle = Automatic;
					};
				};
			};
			buildConfigurationList = E289306F20FDCB6600074D1A /* Build configuration list for PBXProject "QuakeBspViewer" */;
			compatibilityVersion = "Xcode 8.0";
			developmentRegion = en;
			hasScannedForEncodings = 0;
			knownRegions = (
				en,
			);
			mainGroup = E289306B20FDCB6600074D1A;
			productRefGroup = E289307520FDCB6600074D1A /* Products */;
			projectDirPath = "";
			projectReferences = (
				{
					ProductGroup = E25C357E213EC3370021EEAC /* Products */;
					ProjectRef = E25C357D213EC3370021EEAC /* SDL.xcodeproj */;
				},
			);
			projectRoot = "";
			targets = (
				E289307320FDCB6600074D1A /* QuakeBspViewer */,
			);
		};
/* End PBXProject section */

/* Begin PBXReferenceProxy section */
		E25C3586213EC3370021EEAC /* libSDL2.a */ = {
			isa = PBXReferenceProxy;
			fileType = archive.ar;
			path = libSDL2.a;
			remoteRef = E25C3585213EC3370021EEAC /* PBXContainerItemProxy */;
			sourceTree = BUILT_PRODUCTS_DIR;
		};
		E25C3588213EC3370021EEAC /* libSDL2.a */ = {
			isa = PBXReferenceProxy;
			fileType = archive.ar;
			path = libSDL2.a;
			remoteRef = E25C3587213EC3370021EEAC /* PBXContainerItemProxy */;
			sourceTree = BUILT_PRODUCTS_DIR;
		};
/* End PBXReferenceProxy section */

/* Begin PBXSourcesBuildPhase section */
		E289307020FDCB6600074D1A /* Sources */ = {
			isa = PBXSourcesBuildPhase;
			buildActionMask = 2147483647;
			files = (
				E20EDB7520FE35DF00AA234A /* Q3BspStatsUI.cpp in Sources */,
				E20EDB4C20FDD6AB00AA234A /* Base.cpp in Sources */,
				E20EDB1C20FDD66400AA234A /* Application.cpp in Sources */,
				E20EDB1D20FDD66400AA234A /* InputHandlers.cpp in Sources */,
				E20EDB4B20FDD6AB00AA234A /* VkMemAlloc.cpp in Sources */,
				E20EDB2120FDD66400AA234A /* main.cpp in Sources */,
				E20EDB5320FDD6D500AA234A /* stb_image.c in Sources */,
				E20EDB4D20FDD6AB00AA234A /* Buffers.cpp in Sources */,
				E20EDB4A20FDD6AB00AA234A /* Pipeline.cpp in Sources */,
				E20EDB3320FDD69800AA234A /* RenderContext.cpp in Sources */,
				E20EDB4720FDD6AB00AA234A /* Validation.cpp in Sources */,
				E20EDB4E20FDD6AB00AA234A /* Image.cpp in Sources */,
				E2A57923213FBD030071A6FF /* AppleUtils.mm in Sources */,
				E20EDB4820FDD6AB00AA234A /* Device.cpp in Sources */,
				E20EDB3120FDD69800AA234A /* Camera.cpp in Sources */,
				E20EDB7C20FE362200AA234A /* StringHelpers.cpp in Sources */,
				E20EDB3420FDD69800AA234A /* Font.cpp in Sources */,
				E20EDB7B20FE362200AA234A /* Frustum.cpp in Sources */,
				E2FCFA2E2127086D00D84A34 /* ThreadProcessor.cpp in Sources */,
				E20EDB3020FDD69800AA234A /* GameTexture.cpp in Sources */,
				E20EDB7620FE35DF00AA234A /* Q3BspPatch.cpp in Sources */,
				E20EDB4920FDD6AB00AA234A /* CmdBuffer.cpp in Sources */,
				E20EDB7420FE35DF00AA234A /* Q3BspMap.cpp in Sources */,
				E20EDB3220FDD69800AA234A /* CameraDirector.cpp in Sources */,
				E20EDB2020FDD66400AA234A /* Utils.cpp in Sources */,
				E20EDB7320FE35DF00AA234A /* Q3BspLoader.cpp in Sources */,
				E20EDB1F20FDD66400AA234A /* Math.cpp in Sources */,
				E20EDB3520FDD69800AA234A /* TextureManager.cpp in Sources */,
			);
			runOnlyForDeploymentPostprocessing = 0;
		};
/* End PBXSourcesBuildPhase section */

/* Begin XCBuildConfiguration section */
		E289307920FDCB6600074D1A /* Debug */ = {
			isa = XCBuildConfiguration;
			buildSettings = {
				ALWAYS_SEARCH_USER_PATHS = NO;
				BUILT_PRODUCTS_DIR = "$(SRCROOT)";
				CLANG_ANALYZER_NONNULL = YES;
				CLANG_ANALYZER_NUMBER_OBJECT_CONVERSION = YES_AGGRESSIVE;
				CLANG_CXX_LANGUAGE_STANDARD = "gnu++14";
				CLANG_CXX_LIBRARY = "libc++";
				CLANG_ENABLE_MODULES = YES;
				CLANG_ENABLE_OBJC_ARC = YES;
				CLANG_WARN_BLOCK_CAPTURE_AUTORELEASING = YES;
				CLANG_WARN_BOOL_CONVERSION = YES;
				CLANG_WARN_COMMA = YES;
				CLANG_WARN_CONSTANT_CONVERSION = YES;
				CLANG_WARN_DIRECT_OBJC_ISA_USAGE = YES_ERROR;
				CLANG_WARN_DOCUMENTATION_COMMENTS = YES;
				CLANG_WARN_EMPTY_BODY = YES;
				CLANG_WARN_ENUM_CONVERSION = YES;
				CLANG_WARN_INFINITE_RECURSION = YES;
				CLANG_WARN_INT_CONVERSION = YES;
				CLANG_WARN_NON_LITERAL_NULL_CONVERSION = YES;
				CLANG_WARN_OBJC_LITERAL_CONVERSION = YES;
				CLANG_WARN_OBJC_ROOT_CLASS = YES_ERROR;
				CLANG_WARN_RANGE_LOOP_ANALYSIS = YES;
				CLANG_WARN_STRICT_PROTOTYPES = YES;
				CLANG_WARN_SUSPICIOUS_MOVE = YES;
				CLANG_WARN_UNGUARDED_AVAILABILITY = YES_AGGRESSIVE;
				CLANG_WARN_UNREACHABLE_CODE = YES;
				CLANG_WARN__DUPLICATE_METHOD_MATCH = YES;
				CODE_SIGN_IDENTITY = "-";
				CONFIGURATION_BUILD_DIR = "$(SRCROOT)";
				COPY_PHASE_STRIP = NO;
				DEBUG_INFORMATION_FORMAT = dwarf;
				ENABLE_STRICT_OBJC_MSGSEND = YES;
				ENABLE_TESTABILITY = YES;
				GCC_C_LANGUAGE_STANDARD = gnu11;
				GCC_DYNAMIC_NO_PIC = NO;
				GCC_NO_COMMON_BLOCKS = YES;
				GCC_OPTIMIZATION_LEVEL = 0;
				GCC_PREPROCESSOR_DEFINITIONS = (
					"DEBUG=1",
					"$(inherited)",
				);
				GCC_WARN_64_TO_32_BIT_CONVERSION = YES;
				GCC_WARN_ABOUT_RETURN_TYPE = YES_ERROR;
				GCC_WARN_UNDECLARED_SELECTOR = YES;
				GCC_WARN_UNINITIALIZED_AUTOS = YES_AGGRESSIVE;
				GCC_WARN_UNUSED_FUNCTION = YES;
				GCC_WARN_UNUSED_VARIABLE = YES;
				MACOSX_DEPLOYMENT_TARGET = 10.13;
				MTL_ENABLE_DEBUG_INFO = YES;
				ONLY_ACTIVE_ARCH = YES;
				SDKROOT = macosx;
			};
			name = Debug;
		};
		E289307A20FDCB6600074D1A /* Release */ = {
			isa = XCBuildConfiguration;
			buildSettings = {
				ALWAYS_SEARCH_USER_PATHS = NO;
				BUILT_PRODUCTS_DIR = "$(SRCROOT)";
				CLANG_ANALYZER_NONNULL = YES;
				CLANG_ANALYZER_NUMBER_OBJECT_CONVERSION = YES_AGGRESSIVE;
				CLANG_CXX_LANGUAGE_STANDARD = "gnu++14";
				CLANG_CXX_LIBRARY = "libc++";
				CLANG_ENABLE_MODULES = YES;
				CLANG_ENABLE_OBJC_ARC = YES;
				CLANG_WARN_BLOCK_CAPTURE_AUTORELEASING = YES;
				CLANG_WARN_BOOL_CONVERSION = YES;
				CLANG_WARN_COMMA = YES;
				CLANG_WARN_CONSTANT_CONVERSION = YES;
				CLANG_WARN_DIRECT_OBJC_ISA_USAGE = YES_ERROR;
				CLANG_WARN_DOCUMENTATION_COMMENTS = YES;
				CLANG_WARN_EMPTY_BODY = YES;
				CLANG_WARN_ENUM_CONVERSION = YES;
				CLANG_WARN_INFINITE_RECURSION = YES;
				CLANG_WARN_INT_CONVERSION = YES;
				CLANG_WARN_NON_LITERAL_NULL_CONVERSION = YES;
				CLANG_WARN_OBJC_LITERAL_CONVERSION = YES;
				CLANG_WARN_OBJC_ROOT_CLASS = YES_ERROR;
				CLANG_WARN_RANGE_LOOP_ANALYSIS = YES;
				CLANG_WARN_STRICT_PROTOTYPES = YES;
				CLANG_WARN_SUSPICIOUS_MOVE = YES;
				CLANG_WARN_UNGUARDED_AVAILABILITY = YES_AGGRESSIVE;
				CLANG_WARN_UNREACHABLE_CODE = YES;
				CLANG_WARN__DUPLICATE_METHOD_MATCH = YES;
				CODE_SIGN_IDENTITY = "-";
				CONFIGURATION_BUILD_DIR = "$(SRCROOT)";
				COPY_PHASE_STRIP = NO;
				DEBUG_INFORMATION_FORMAT = "dwarf-with-dsym";
				ENABLE_NS_ASSERTIONS = NO;
				ENABLE_STRICT_OBJC_MSGSEND = YES;
				GCC_C_LANGUAGE_STANDARD = gnu11;
				GCC_NO_COMMON_BLOCKS = YES;
				GCC_WARN_64_TO_32_BIT_CONVERSION = YES;
				GCC_WARN_ABOUT_RETURN_TYPE = YES_ERROR;
				GCC_WARN_UNDECLARED_SELECTOR = YES;
				GCC_WARN_UNINITIALIZED_AUTOS = YES_AGGRESSIVE;
				GCC_WARN_UNUSED_FUNCTION = YES;
				GCC_WARN_UNUSED_VARIABLE = YES;
				MACOSX_DEPLOYMENT_TARGET = 10.13;
				MTL_ENABLE_DEBUG_INFO = NO;
				SDKROOT = macosx;
			};
			name = Release;
		};
		E289307C20FDCB6600074D1A /* Debug */ = {
			isa = XCBuildConfiguration;
			buildSettings = {
				"CODE_SIGN_IDENTITY[sdk=iphoneos*]" = "iPhone Developer";
				CODE_SIGN_STYLE = Automatic;
				FRAMEWORK_SEARCH_PATHS = (
					"$(inherited)",
					"$(LOCAL_LIBRARY_DIR)/Frameworks",
					"$(VULKAN_SDK)/MoltenVK/iOS",
				);
				HEADER_SEARCH_PATHS = (
					"$(VULKAN_SDK)/macOS/include",
					"../contrib/SDL2-2.0.8/include",
					../contrib,
					../src,
				);
				INFOPLIST_FILE = "$(SRCROOT)/Info.plist";
				IPHONEOS_DEPLOYMENT_TARGET = 9.0;
				LD_RUNPATH_SEARCH_PATHS = "@executable_path/Frameworks";
				LIBRARY_SEARCH_PATHS = "$(VULKAN_SDK)/macOS/lib";
				OTHER_CFLAGS = "-D_DEBUG";
				PRODUCT_NAME = "$(TARGET_NAME)";
				PROVISIONING_PROFILE_SPECIFIER = "";
				SDKROOT = iphoneos;
				SUPPORTED_PLATFORMS = iphoneos;
				VALID_ARCHS = arm64;
			};
			name = Debug;
		};
		E289307D20FDCB6600074D1A /* Release */ = {
			isa = XCBuildConfiguration;
			buildSettings = {
				"CODE_SIGN_IDENTITY[sdk=iphoneos*]" = "iPhone Developer";
				CODE_SIGN_STYLE = Automatic;
				FRAMEWORK_SEARCH_PATHS = (
					"$(inherited)",
					"$(LOCAL_LIBRARY_DIR)/Frameworks",
					"$(VULKAN_SDK)/MoltenVK/iOS",
				);
				HEADER_SEARCH_PATHS = (
					"$(VULKAN_SDK)/macOS/include",
					"../contrib/SDL2-2.0.8/include",
					../contrib,
					../src,
				);
				INFOPLIST_FILE = "$(SRCROOT)/Info.plist";
				IPHONEOS_DEPLOYMENT_TARGET = 9.0;
				LD_RUNPATH_SEARCH_PATHS = "@executable_path/Frameworks";
				LIBRARY_SEARCH_PATHS = "$(VULKAN_SDK)/macOS/lib";
				OTHER_CFLAGS = "-DNDEBUG";
				PRODUCT_NAME = "$(TARGET_NAME)";
				PROVISIONING_PROFILE_SPECIFIER = "";
				SDKROOT = iphoneos;
				SUPPORTED_PLATFORMS = iphoneos;
				VALID_ARCHS = arm64;
			};
			name = Release;
		};
/* End XCBuildConfiguration section */

/* Begin XCConfigurationList section */
		E289306F20FDCB6600074D1A /* Build configuration list for PBXProject "QuakeBspViewer" */ = {
			isa = XCConfigurationList;
			buildConfigurations = (
				E289307920FDCB6600074D1A /* Debug */,
				E289307A20FDCB6600074D1A /* Release */,
			);
			defaultConfigurationIsVisible = 0;
			defaultConfigurationName = Release;
		};
		E289307B20FDCB6600074D1A /* Build configuration list for PBXNativeTarget "QuakeBspViewer" */ = {
			isa = XCConfigurationList;
			buildConfigurations = (
				E289307C20FDCB6600074D1A /* Debug */,
				E289307D20FDCB6600074D1A /* Release */,
			);
			defaultConfigurationIsVisible = 0;
			defaultConfigurationName = Release;
		};
/* End XCConfigurationList section */
	};
	rootObject = E289306C20FDCB6600074D1A /* Project object */;
}
